
Microsoft Visual Studio Solution File, Format Version 12.00
# Visual Studio Version 16
VisualStudioVersion = 16.0.29215.179
MinimumVisualStudioVersion = 10.0.40219.1
Project("{FAE04EC0-301F-11D3-BF4B-00C04F79EFBC}") = "Exercise1_Nelinurgad", "Exercise1_Nelinurgad\Exercise1_Nelinurgad.csproj", "{7A4E06E3-D2D4-40B8-90E7-A907304D1F02}"
EndProject
Project("{FAE04EC0-301F-11D3-BF4B-00C04F79EFBC}") = "Exercise2ElseIfTaxCalculator", "Exercise2ElseIfTaxCalculator\Exercise2ElseIfTaxCalculator.csproj", "{A85AC6A4-C117-4577-9510-F639848E02A1}"
EndProject
Project("{FAE04EC0-301F-11D3-BF4B-00C04F79EFBC}") = "exercise3UpperandLowercaseLettters", "exercise3UpperandLowercaseLettters\exercise3UpperandLowercaseLettters.csproj", "{2552F160-2C2E-4945-A1B4-0C5482BA209A}"
EndProject
Project("{FAE04EC0-301F-11D3-BF4B-00C04F79EFBC}") = "Excercise4StreamReaderStreamWriter", "Excercise4StreamReaderStreamWriter\Excercise4StreamReaderStreamWriter.csproj", "{3A79635E-AFAB-4C88-98DB-6E2F443931E7}"
EndProject
Project("{FAE04EC0-301F-11D3-BF4B-00C04F79EFBC}") = "Excercise5ReadingAndWritingSameTime", "Excercise5ReadingAndWritingSameTime\Excercise5ReadingAndWritingSameTime.csproj", "{9B30C686-F057-4DAA-B640-E5D81E46B5C7}"
EndProject
Global
	GlobalSection(SolutionConfigurationPlatforms) = preSolution
		Debug|Any CPU = Debug|Any CPU
		Release|Any CPU = Release|Any CPU
	EndGlobalSection
	GlobalSection(ProjectConfigurationPlatforms) = postSolution
		{7A4E06E3-D2D4-40B8-90E7-A907304D1F02}.Debug|Any CPU.ActiveCfg = Debug|Any CPU
		{7A4E06E3-D2D4-40B8-90E7-A907304D1F02}.Debug|Any CPU.Build.0 = Debug|Any CPU
		{7A4E06E3-D2D4-40B8-90E7-A907304D1F02}.Release|Any CPU.ActiveCfg = Release|Any CPU
		{7A4E06E3-D2D4-40B8-90E7-A907304D1F02}.Release|Any CPU.Build.0 = Release|Any CPU
		{A85AC6A4-C117-4577-9510-F639848E02A1}.Debug|Any CPU.ActiveCfg = Debug|Any CPU
		{A85AC6A4-C117-4577-9510-F639848E02A1}.Debug|Any CPU.Build.0 = Debug|Any CPU
		{A85AC6A4-C117-4577-9510-F639848E02A1}.Release|Any CPU.ActiveCfg = Release|Any CPU
		{A85AC6A4-C117-4577-9510-F639848E02A1}.Release|Any CPU.Build.0 = Release|Any CPU
		{2552F160-2C2E-4945-A1B4-0C5482BA209A}.Debug|Any CPU.ActiveCfg = Debug|Any CPU
		{2552F160-2C2E-4945-A1B4-0C5482BA209A}.Debug|Any CPU.Build.0 = Debug|Any CPU
		{2552F160-2C2E-4945-A1B4-0C5482BA209A}.Release|Any CPU.ActiveCfg = Release|Any CPU
		{2552F160-2C2E-4945-A1B4-0C5482BA209A}.Release|Any CPU.Build.0 = Release|Any CPU
		{3A79635E-AFAB-4C88-98DB-6E2F443931E7}.Debug|Any CPU.ActiveCfg = Debug|Any CPU
		{3A79635E-AFAB-4C88-98DB-6E2F443931E7}.Debug|Any CPU.Build.0 = Debug|Any CPU
		{3A79635E-AFAB-4C88-98DB-6E2F443931E7}.Release|Any CPU.ActiveCfg = Release|Any CPU
		{3A79635E-AFAB-4C88-98DB-6E2F443931E7}.Release|Any CPU.Build.0 = Release|Any CPU
		{9B30C686-F057-4DAA-B640-E5D81E46B5C7}.Debug|Any CPU.ActiveCfg = Debug|Any CPU
		{9B30C686-F057-4DAA-B640-E5D81E46B5C7}.Debug|Any CPU.Build.0 = Debug|Any CPU
		{9B30C686-F057-4DAA-B640-E5D81E46B5C7}.Release|Any CPU.ActiveCfg = Release|Any CPU
		{9B30C686-F057-4DAA-B640-E5D81E46B5C7}.Release|Any CPU.Build.0 = Release|Any CPU
	EndGlobalSection
	GlobalSection(SolutionProperties) = preSolution
		HideSolutionNode = FALSE
	EndGlobalSection
	GlobalSection(ExtensibilityGlobals) = postSolution
		SolutionGuid = {767BFC4C-6264-4723-BA53-EE5A0D20A460}
	EndGlobalSection
EndGlobal
